
Microsoft Visual Studio Solution File, Format Version 12.00
# Visual Studio Version 16
VisualStudioVersion = 16.0.31410.357
MinimumVisualStudioVersion = 10.0.40219.1
Project("{FAE04EC0-301F-11D3-BF4B-00C04F79EFBC}") = "Baigiamasis_darbas", "Baigiamasis_darbas\Baigiamasis_darbas.csproj", "{ACFA6C3E-A2FD-4F07-B819-6E579F0CB5EC}"
EndProject
Global
	GlobalSection(SolutionConfigurationPlatforms) = preSolution
		Debug|Any CPU = Debug|Any CPU
		Release|Any CPU = Release|Any CPU
	EndGlobalSection
	GlobalSection(ProjectConfigurationPlatforms) = postSolution
		{ACFA6C3E-A2FD-4F07-B819-6E579F0CB5EC}.Debug|Any CPU.ActiveCfg = Debug|Any CPU
		{ACFA6C3E-A2FD-4F07-B819-6E579F0CB5EC}.Debug|Any CPU.Build.0 = Debug|Any CPU
		{ACFA6C3E-A2FD-4F07-B819-6E579F0CB5EC}.Release|Any CPU.ActiveCfg = Release|Any CPU
		{ACFA6C3E-A2FD-4F07-B819-6E579F0CB5EC}.Release|Any CPU.Build.0 = Release|Any CPU
	EndGlobalSection
	GlobalSection(SolutionProperties) = preSolution
		HideSolutionNode = FALSE
	EndGlobalSection
	GlobalSection(ExtensibilityGlobals) = postSolution
		SolutionGuid = {A5F4653D-65A9-4081-876F-876AC2768A68}
	EndGlobalSection
EndGlobal
